{
    "name": "obsidian-vault-graph",
    "version": "0.1.0",
    "lockfileVersion": 3,
    "requires": true,
    "packages": {
        "": {
            "name": "obsidian-vault-graph",
            "version": "0.1.0",
            "devDependencies": {
                "@types/vscode": "^1.85.0"
            },
            "engines": {
                "vscode": "^1.85.0"
            }
        },
        "node_modules/@types/vscode": {
            "version": "1.125.0",
            "resolved": "https://registry.npmjs.org/@types/vscode/-/vscode-1.125.0.tgz",
            "integrity": "sha512-0icm/ZQAaism87P0ekHqi4/Ju9du+Tm0RUW+y7vqRsxY2cY0FNRX1nAnaW7nT6npPt2tfHiheZ55Zm9UhqonFA==",
            "dev": true,
            "license": "MIT"
        }
    }
}
